
Microsoft Visual Studio Solution File, Format Version 12.00
# Visual Studio Version 17
VisualStudioVersion = 17.9.34728.123
MinimumVisualStudioVersion = 10.0.40219.1
Project("{FAE04EC0-301F-11D3-BF4B-00C04F79EFBC}") = "Ontroller.WinUSB.IO", "Ontroller.WinUSB.IO.csproj", "{9C90E5ED-31B1-4B6A-92DA-B055056D6150}"
EndProject
Project("{FAE04EC0-301F-11D3-BF4B-00C04F79EFBC}") = "Test", "Test\Test.csproj", "{11DBD130-7618-4AE5-85FF-00735685881C}"
EndProject
Global
	GlobalSection(SolutionConfigurationPlatforms) = preSolution
		Debug|x64 = Debug|x64
		Release|x64 = Release|x64
	EndGlobalSection
	GlobalSection(ProjectConfigurationPlatforms) = postSolution
		{9C90E5ED-31B1-4B6A-92DA-B055056D6150}.Debug|x64.ActiveCfg = Debug|x64
		{9C90E5ED-31B1-4B6A-92DA-B055056D6150}.Debug|x64.Build.0 = Debug|x64
		{9C90E5ED-31B1-4B6A-92DA-B055056D6150}.Release|x64.ActiveCfg = Release|x64
		{9C90E5ED-31B1-4B6A-92DA-B055056D6150}.Release|x64.Build.0 = Release|x64
		{11DBD130-7618-4AE5-85FF-00735685881C}.Debug|x64.ActiveCfg = Debug|x64
		{11DBD130-7618-4AE5-85FF-00735685881C}.Debug|x64.Build.0 = Debug|x64
		{11DBD130-7618-4AE5-85FF-00735685881C}.Release|x64.ActiveCfg = Release|x64
		{11DBD130-7618-4AE5-85FF-00735685881C}.Release|x64.Build.0 = Release|x64
	EndGlobalSection
	GlobalSection(SolutionProperties) = preSolution
		HideSolutionNode = FALSE
	EndGlobalSection
	GlobalSection(ExtensibilityGlobals) = postSolution
		SolutionGuid = {969E089B-2C29-4D28-BEC2-C67A906D74A3}
	EndGlobalSection
EndGlobal
